
Microsoft Visual Studio Solution File, Format Version 12.00
# Visual Studio 2012
Project("{FAE04EC0-301F-11D3-BF4B-00C04F79EFBC}") = "DanglingLang", "DanglingLang\DanglingLang.csproj", "{3D12FA5F-A5E3-40F9-91ED-59562D5B141A}"
EndProject
Project("{FAE04EC0-301F-11D3-BF4B-00C04F79EFBC}") = "DanglingLang.Runner", "DanglingLang.Runner\DanglingLang.Runner.csproj", "{BB42DF9F-9E40-469F-82B8-D98CB2D77DED}"
EndProject
Project("{2150E333-8FDC-42A3-9474-1A3956D46DE8}") = "Solution Items", "Solution Items", "{5766EFEA-BF47-4668-8C07-4A19250F69F9}"
	ProjectSection(SolutionItems) = preProject
		DanglingLang.sln.DotSettings = DanglingLang.sln.DotSettings
		DanglingLang.Gui\MisterDangling.ico = DanglingLang.Gui\MisterDangling.ico
	EndProjectSection
EndProject
Project("{2150E333-8FDC-42A3-9474-1A3956D46DE8}") = ".nuget", ".nuget", "{7F96BFDF-B678-425F-AAFE-D62E8C003B59}"
	ProjectSection(SolutionItems) = preProject
		.nuget\NuGet.Config = .nuget\NuGet.Config
		.nuget\NuGet.exe = .nuget\NuGet.exe
		.nuget\NuGet.targets = .nuget\NuGet.targets
	EndProjectSection
EndProject
Project("{FAE04EC0-301F-11D3-BF4B-00C04F79EFBC}") = "DanglingLang.Tests", "DanglingLang.Tests\DanglingLang.Tests.csproj", "{C50B3AC1-3531-4BE3-98BB-2BF130D9169F}"
EndProject
Project("{FAE04EC0-301F-11D3-BF4B-00C04F79EFBC}") = "DanglingLang.Gui", "DanglingLang.Gui\DanglingLang.Gui.csproj", "{6829D24F-4CB9-4093-BC23-8498496008D2}"
EndProject
Global
	GlobalSection(SolutionConfigurationPlatforms) = preSolution
		Debug|Any CPU = Debug|Any CPU
		Release|Any CPU = Release|Any CPU
	EndGlobalSection
	GlobalSection(ProjectConfigurationPlatforms) = postSolution
		{3D12FA5F-A5E3-40F9-91ED-59562D5B141A}.Debug|Any CPU.ActiveCfg = Debug|Any CPU
		{3D12FA5F-A5E3-40F9-91ED-59562D5B141A}.Debug|Any CPU.Build.0 = Debug|Any CPU
		{3D12FA5F-A5E3-40F9-91ED-59562D5B141A}.Release|Any CPU.ActiveCfg = Release|Any CPU
		{3D12FA5F-A5E3-40F9-91ED-59562D5B141A}.Release|Any CPU.Build.0 = Release|Any CPU
		{BB42DF9F-9E40-469F-82B8-D98CB2D77DED}.Debug|Any CPU.ActiveCfg = Debug|Any CPU
		{BB42DF9F-9E40-469F-82B8-D98CB2D77DED}.Debug|Any CPU.Build.0 = Debug|Any CPU
		{BB42DF9F-9E40-469F-82B8-D98CB2D77DED}.Release|Any CPU.ActiveCfg = Release|Any CPU
		{BB42DF9F-9E40-469F-82B8-D98CB2D77DED}.Release|Any CPU.Build.0 = Release|Any CPU
		{C50B3AC1-3531-4BE3-98BB-2BF130D9169F}.Debug|Any CPU.ActiveCfg = Debug|Any CPU
		{C50B3AC1-3531-4BE3-98BB-2BF130D9169F}.Debug|Any CPU.Build.0 = Debug|Any CPU
		{C50B3AC1-3531-4BE3-98BB-2BF130D9169F}.Release|Any CPU.ActiveCfg = Release|Any CPU
		{C50B3AC1-3531-4BE3-98BB-2BF130D9169F}.Release|Any CPU.Build.0 = Release|Any CPU
		{6829D24F-4CB9-4093-BC23-8498496008D2}.Debug|Any CPU.ActiveCfg = Debug|Any CPU
		{6829D24F-4CB9-4093-BC23-8498496008D2}.Debug|Any CPU.Build.0 = Debug|Any CPU
		{6829D24F-4CB9-4093-BC23-8498496008D2}.Release|Any CPU.ActiveCfg = Release|Any CPU
		{6829D24F-4CB9-4093-BC23-8498496008D2}.Release|Any CPU.Build.0 = Release|Any CPU
	EndGlobalSection
	GlobalSection(SolutionProperties) = preSolution
		HideSolutionNode = FALSE
	EndGlobalSection
EndGlobal
